
Microsoft Visual Studio Solution File, Format Version 11.00
# Visual Studio 2010
Project("{00D1A9C2-B5F0-4AF3-8072-F6C62B433612}") = "SSDT", "SSDT\SSDT.sqlproj", "{60C3DCCB-6200-4B87-AACE-F371A0878F9D}"
EndProject
Global
	GlobalSection(SolutionConfigurationPlatforms) = preSolution
		Debug|Any CPU = Debug|Any CPU
		Release|Any CPU = Release|Any CPU
	EndGlobalSection
	GlobalSection(ProjectConfigurationPlatforms) = postSolution
		{60C3DCCB-6200-4B87-AACE-F371A0878F9D}.Debug|Any CPU.ActiveCfg = Debug|Any CPU
		{60C3DCCB-6200-4B87-AACE-F371A0878F9D}.Debug|Any CPU.Build.0 = Debug|Any CPU
		{60C3DCCB-6200-4B87-AACE-F371A0878F9D}.Debug|Any CPU.Deploy.0 = Debug|Any CPU
		{60C3DCCB-6200-4B87-AACE-F371A0878F9D}.Release|Any CPU.ActiveCfg = Release|Any CPU
		{60C3DCCB-6200-4B87-AACE-F371A0878F9D}.Release|Any CPU.Build.0 = Release|Any CPU
		{60C3DCCB-6200-4B87-AACE-F371A0878F9D}.Release|Any CPU.Deploy.0 = Release|Any CPU
	EndGlobalSection
	GlobalSection(SolutionProperties) = preSolution
		HideSolutionNode = FALSE
	EndGlobalSection
EndGlobal
